
Microsoft Visual Studio Solution File, Format Version 12.00
# Visual Studio 15
VisualStudioVersion = 15.0.26730.12
MinimumVisualStudioVersion = 10.0.40219.1
Project("{8BC9CEB8-8B4A-11D0-8D11-00A0C91BC942}") = "Handin 1", "Handin 1\Handin 1.vcxproj", "{3A7A3506-35FD-4087-83EC-5F7DEC5640AD}"
EndProject
Global
	GlobalSection(SolutionConfigurationPlatforms) = preSolution
		Debug|x64 = Debug|x64
		Debug|x86 = Debug|x86
		Release|x64 = Release|x64
		Release|x86 = Release|x86
	EndGlobalSection
	GlobalSection(ProjectConfigurationPlatforms) = postSolution
		{3A7A3506-35FD-4087-83EC-5F7DEC5640AD}.Debug|x64.ActiveCfg = Debug|x64
		{3A7A3506-35FD-4087-83EC-5F7DEC5640AD}.Debug|x64.Build.0 = Debug|x64
		{3A7A3506-35FD-4087-83EC-5F7DEC5640AD}.Debug|x86.ActiveCfg = Debug|Win32
		{3A7A3506-35FD-4087-83EC-5F7DEC5640AD}.Debug|x86.Build.0 = Debug|Win32
		{3A7A3506-35FD-4087-83EC-5F7DEC5640AD}.Release|x64.ActiveCfg = Release|x64
		{3A7A3506-35FD-4087-83EC-5F7DEC5640AD}.Release|x64.Build.0 = Release|x64
		{3A7A3506-35FD-4087-83EC-5F7DEC5640AD}.Release|x86.ActiveCfg = Release|Win32
		{3A7A3506-35FD-4087-83EC-5F7DEC5640AD}.Release|x86.Build.0 = Release|Win32
	EndGlobalSection
	GlobalSection(SolutionProperties) = preSolution
		HideSolutionNode = FALSE
	EndGlobalSection
	GlobalSection(ExtensibilityGlobals) = postSolution
		SolutionGuid = {7A1C9D2F-572B-4EA4-B21B-BF759B934332}
	EndGlobalSection
EndGlobal
